
Microsoft Visual Studio Solution File, Format Version 12.00
# Visual Studio 15
VisualStudioVersion = 15.0.28307.852
MinimumVisualStudioVersion = 10.0.40219.1
Project("{FAE04EC0-301F-11D3-BF4B-00C04F79EFBC}") = "Task 1", "lr6\Task 1.csproj", "{5776A9A1-E05A-4319-B913-68C6B1AF677C}"
EndProject
Project("{FAE04EC0-301F-11D3-BF4B-00C04F79EFBC}") = "Task 3", "Task 2\Task 3.csproj", "{4C47D45F-44B7-4245-8133-696C192FFA44}"
EndProject
Project("{FAE04EC0-301F-11D3-BF4B-00C04F79EFBC}") = "Task2", "Task2\Task2.csproj", "{692EBF75-852B-4361-A9A1-3FFD0AA6B49F}"
EndProject
Global
	GlobalSection(SolutionConfigurationPlatforms) = preSolution
		Debug|Any CPU = Debug|Any CPU
		Release|Any CPU = Release|Any CPU
	EndGlobalSection
	GlobalSection(ProjectConfigurationPlatforms) = postSolution
		{5776A9A1-E05A-4319-B913-68C6B1AF677C}.Debug|Any CPU.ActiveCfg = Debug|Any CPU
		{5776A9A1-E05A-4319-B913-68C6B1AF677C}.Debug|Any CPU.Build.0 = Debug|Any CPU
		{5776A9A1-E05A-4319-B913-68C6B1AF677C}.Release|Any CPU.ActiveCfg = Release|Any CPU
		{5776A9A1-E05A-4319-B913-68C6B1AF677C}.Release|Any CPU.Build.0 = Release|Any CPU
		{4C47D45F-44B7-4245-8133-696C192FFA44}.Debug|Any CPU.ActiveCfg = Debug|Any CPU
		{4C47D45F-44B7-4245-8133-696C192FFA44}.Debug|Any CPU.Build.0 = Debug|Any CPU
		{4C47D45F-44B7-4245-8133-696C192FFA44}.Release|Any CPU.ActiveCfg = Release|Any CPU
		{4C47D45F-44B7-4245-8133-696C192FFA44}.Release|Any CPU.Build.0 = Release|Any CPU
		{692EBF75-852B-4361-A9A1-3FFD0AA6B49F}.Debug|Any CPU.ActiveCfg = Debug|Any CPU
		{692EBF75-852B-4361-A9A1-3FFD0AA6B49F}.Debug|Any CPU.Build.0 = Debug|Any CPU
		{692EBF75-852B-4361-A9A1-3FFD0AA6B49F}.Release|Any CPU.ActiveCfg = Release|Any CPU
		{692EBF75-852B-4361-A9A1-3FFD0AA6B49F}.Release|Any CPU.Build.0 = Release|Any CPU
	EndGlobalSection
	GlobalSection(SolutionProperties) = preSolution
		HideSolutionNode = FALSE
	EndGlobalSection
	GlobalSection(ExtensibilityGlobals) = postSolution
		SolutionGuid = {7D3019A5-3BA7-49BA-BEB9-D53D29497B8B}
	EndGlobalSection
EndGlobal
